{
  "name": "nuked-opn2-node",
  "version": "0.1.0",
  "lockfileVersion": 2,
  "requires": true,
  "packages": {
    "": {
      "version": "0.1.0",
      "hasInstallScript": true,
      "devDependencies": {
        "cargo-cp-artifact": "^0.1",
        "typescript": "*"
      }
    },
    "node_modules/cargo-cp-artifact": {
      "version": "0.1.4",
      "resolved": "https://registry.npmjs.org/cargo-cp-artifact/-/cargo-cp-artifact-0.1.4.tgz",
      "integrity": "sha512-34yUas8aUENHGdk6JhLkV4ol0GLtP78YgqpsRDmmnpADy9JoTg/DgKM3CRHAeozTRNhKoPaRFhV+BxoqkmoKUA==",
      "dev": true,
      "bin": {
        "cargo-cp-artifact": "bin/cargo-cp-artifact.js"
      }
    },
    "node_modules/typescript": {
      "version": "4.2.4",
      "resolved": "https://registry.npmjs.org/typescript/-/typescript-4.2.4.tgz",
      "integrity": "sha512-V+evlYHZnQkaz8TRBuxTA92yZBPotr5H+WhQ7bD3hZUndx5tGOa1fuCgeSjxAzM1RiN5IzvadIXTVefuuwZCRg==",
      "dev": true,
      "bin": {
        "tsc": "bin/tsc",
        "tsserver": "bin/tsserver"
      },
      "engines": {
        "node": ">=4.2.0"
      }
    }
  },
  "dependencies": {
    "cargo-cp-artifact": {
      "version": "0.1.4",
      "resolved": "https://registry.npmjs.org/cargo-cp-artifact/-/cargo-cp-artifact-0.1.4.tgz",
      "integrity": "sha512-34yUas8aUENHGdk6JhLkV4ol0GLtP78YgqpsRDmmnpADy9JoTg/DgKM3CRHAeozTRNhKoPaRFhV+BxoqkmoKUA==",
      "dev": true
    },
    "typescript": {
      "version": "4.2.4",
      "resolved": "https://registry.npmjs.org/typescript/-/typescript-4.2.4.tgz",
      "integrity": "sha512-V+evlYHZnQkaz8TRBuxTA92yZBPotr5H+WhQ7bD3hZUndx5tGOa1fuCgeSjxAzM1RiN5IzvadIXTVefuuwZCRg==",
      "dev": true
    }
  }
}
